// !$*UTF8*$!
{
	archiveVersion = 1;
	classes = {
	};
	objectVersion = 48;
	objects = {

/* Begin PBXBuildFile section */
		A7E400F62087B1B10069CCE5 /* User.swift in Sources */ = {isa = PBXBuildFile; fileRef = A7E400F52087B1B10069CCE5 /* User.swift */; };
		A7E400F82087B1CA0069CCE5 /* UserConnector.swift in Sources */ = {isa = PBXBuildFile; fileRef = A7E400F72087B1CA0069CCE5 /* UserConnector.swift */; };
		A7F4716D208698F800DF3FD3 /* AppDelegate.swift in Sources */ = {isa = PBXBuildFile; fileRef = A7F4716C208698F800DF3FD3 /* AppDelegate.swift */; };
		A7F47172208698F800DF3FD3 /* Main.storyboard in Resources */ = {isa = PBXBuildFile; fileRef = A7F47170208698F800DF3FD3 /* Main.storyboard */; };
		A7F47174208698F800DF3FD3 /* Assets.xcassets in Resources */ = {isa = PBXBuildFile; fileRef = A7F47173208698F800DF3FD3 /* Assets.xcassets */; };
		A7F47177208698F800DF3FD3 /* LaunchScreen.storyboard in Resources */ = {isa = PBXBuildFile; fileRef = A7F47175208698F800DF3FD3 /* LaunchScreen.storyboard */; };
		A7F47182208698F800DF3FD3 /* Random_User_ExampleTests.swift in Sources */ = {isa = PBXBuildFile; fileRef = A7F47181208698F800DF3FD3 /* Random_User_ExampleTests.swift */; };
		A7FD6A8B208773EA00BC81E6 /* UsersCollectionViewController.swift in Sources */ = {isa = PBXBuildFile; fileRef = A7FD6A8A208773EA00BC81E6 /* UsersCollectionViewController.swift */; };
		A7FD6A8D208776DF00BC81E6 /* UserCollectionViewCell.swift in Sources */ = {isa = PBXBuildFile; fileRef = A7FD6A8C208776DF00BC81E6 /* UserCollectionViewCell.swift */; };
/* End PBXBuildFile section */

/* Begin PBXContainerItemProxy section */
		A7F4717E208698F800DF3FD3 /* PBXContainerItemProxy */ = {
			isa = PBXContainerItemProxy;
			containerPortal = A7F47161208698F800DF3FD3 /* Project object */;
			proxyType = 1;
			remoteGlobalIDString = A7F47168208698F800DF3FD3;
			remoteInfo = "Random User Example";
		};
/* End PBXContainerItemProxy section */

/* Begin PBXFileReference section */
		A7E400F52087B1B10069CCE5 /* User.swift */ = {isa = PBXFileReference; lastKnownFileType = sourcecode.swift; path = User.swift; sourceTree = "<group>"; };
		A7E400F72087B1CA0069CCE5 /* UserConnector.swift */ = {isa = PBXFileReference; lastKnownFileType = sourcecode.swift; path = UserConnector.swift; sourceTree = "<group>"; };
		A7F47169208698F800DF3FD3 /* Random User Example.app */ = {isa = PBXFileReference; explicitFileType = wrapper.application; includeInIndex = 0; path = "Random User Example.app"; sourceTree = BUILT_PRODUCTS_DIR; };
		A7F4716C208698F800DF3FD3 /* AppDelegate.swift */ = {isa = PBXFileReference; lastKnownFileType = sourcecode.swift; path = AppDelegate.swift; sourceTree = "<group>"; };
		A7F47171208698F800DF3FD3 /* Base */ = {isa = PBXFileReference; lastKnownFileType = file.storyboard; name = Base; path = Base.lproj/Main.storyboard; sourceTree = "<group>"; };
		A7F47173208698F800DF3FD3 /* Assets.xcassets */ = {isa = PBXFileReference; lastKnownFileType = folder.assetcatalog; path = Assets.xcassets; sourceTree = "<group>"; };
		A7F47176208698F800DF3FD3 /* Base */ = {isa = PBXFileReference; lastKnownFileType = file.storyboard; name = Base; path = Base.lproj/LaunchScreen.storyboard; sourceTree = "<group>"; };
		A7F47178208698F800DF3FD3 /* Info.plist */ = {isa = PBXFileReference; lastKnownFileType = text.plist.xml; path = Info.plist; sourceTree = "<group>"; };
		A7F4717D208698F800DF3FD3 /* Random User ExampleTests.xctest */ = {isa = PBXFileReference; explicitFileType = wrapper.cfbundle; includeInIndex = 0; path = "Random User ExampleTests.xctest"; sourceTree = BUILT_PRODUCTS_DIR; };
		A7F47181208698F800DF3FD3 /* Random_User_ExampleTests.swift */ = {isa = PBXFileReference; lastKnownFileType = sourcecode.swift; path = Random_User_ExampleTests.swift; sourceTree = "<group>"; };
		A7F47183208698F800DF3FD3 /* Info.plist */ = {isa = PBXFileReference; lastKnownFileType = text.plist.xml; path = Info.plist; sourceTree = "<group>"; };
		A7FD6A8A208773EA00BC81E6 /* UsersCollectionViewController.swift */ = {isa = PBXFileReference; lastKnownFileType = sourcecode.swift; path = UsersCollectionViewController.swift; sourceTree = "<group>"; };
		A7FD6A8C208776DF00BC81E6 /* UserCollectionViewCell.swift */ = {isa = PBXFileReference; lastKnownFileType = sourcecode.swift; path = UserCollectionViewCell.swift; sourceTree = "<group>"; };
/* End PBXFileReference section */

/* Begin PBXFrameworksBuildPhase section */
		A7F47166208698F800DF3FD3 /* Frameworks */ = {
			isa = PBXFrameworksBuildPhase;
			buildActionMask = 2147483647;
			files = (
			);
			runOnlyForDeploymentPostprocessing = 0;
		};
		A7F4717A208698F800DF3FD3 /* Frameworks */ = {
			isa = PBXFrameworksBuildPhase;
			buildActionMask = 2147483647;
			files = (
			);
			runOnlyForDeploymentPostprocessing = 0;
		};
/* End PBXFrameworksBuildPhase section */

/* Begin PBXGroup section */
		A7E400F32087B1440069CCE5 /* Model */ = {
			isa = PBXGroup;
			children = (
				A7E400F52087B1B10069CCE5 /* User.swift */,
			);
			path = Model;
			sourceTree = "<group>";
		};
		A7E400F42087B17F0069CCE5 /* Connector */ = {
			isa = PBXGroup;
			children = (
				A7E400F72087B1CA0069CCE5 /* UserConnector.swift */,
			);
			path = Connector;
			sourceTree = "<group>";
		};
		A7F47160208698F800DF3FD3 = {
			isa = PBXGroup;
			children = (
				A7F4716B208698F800DF3FD3 /* Random User Example */,
				A7F47180208698F800DF3FD3 /* Random User ExampleTests */,
				A7F4716A208698F800DF3FD3 /* Products */,
			);
			sourceTree = "<group>";
		};
		A7F4716A208698F800DF3FD3 /* Products */ = {
			isa = PBXGroup;
			children = (
				A7F47169208698F800DF3FD3 /* Random User Example.app */,
				A7F4717D208698F800DF3FD3 /* Random User ExampleTests.xctest */,
			);
			name = Products;
			sourceTree = "<group>";
		};
		A7F4716B208698F800DF3FD3 /* Random User Example */ = {
			isa = PBXGroup;
			children = (
				A7E400F42087B17F0069CCE5 /* Connector */,
				A7E400F32087B1440069CCE5 /* Model */,
				A7F47178208698F800DF3FD3 /* Info.plist */,
				A7F47173208698F800DF3FD3 /* Assets.xcassets */,
				A7F47175208698F800DF3FD3 /* LaunchScreen.storyboard */,
				A7F47170208698F800DF3FD3 /* Main.storyboard */,
				A7F4716C208698F800DF3FD3 /* AppDelegate.swift */,
				A7FD6A8A208773EA00BC81E6 /* UsersCollectionViewController.swift */,
				A7FD6A8C208776DF00BC81E6 /* UserCollectionViewCell.swift */,
			);
			path = "Random User Example";
			sourceTree = "<group>";
		};
		A7F47180208698F800DF3FD3 /* Random User ExampleTests */ = {
			isa = PBXGroup;
			children = (
				A7F47181208698F800DF3FD3 /* Random_User_ExampleTests.swift */,
				A7F47183208698F800DF3FD3 /* Info.plist */,
			);
			path = "Random User ExampleTests";
			sourceTree = "<group>";
		};
/* End PBXGroup section */

/* Begin PBXNativeTarget section */
		A7F47168208698F800DF3FD3 /* Random User Example */ = {
			isa = PBXNativeTarget;
			buildConfigurationList = A7F47186208698F800DF3FD3 /* Build configuration list for PBXNativeTarget "Random User Example" */;
			buildPhases = (
				A7F47165208698F800DF3FD3 /* Sources */,
				A7F47166208698F800DF3FD3 /* Frameworks */,
				A7F47167208698F800DF3FD3 /* Resources */,
			);
			buildRules = (
			);
			dependencies = (
			);
			name = "Random User Example";
			productName = "Random User Example";
			productReference = A7F47169208698F800DF3FD3 /* Random User Example.app */;
			productType = "com.apple.product-type.application";
		};
		A7F4717C208698F800DF3FD3 /* Random User ExampleTests */ = {
			isa = PBXNativeTarget;
			buildConfigurationList = A7F47189208698F800DF3FD3 /* Build configuration list for PBXNativeTarget "Random User ExampleTests" */;
			buildPhases = (
				A7F47179208698F800DF3FD3 /* Sources */,
				A7F4717A208698F800DF3FD3 /* Frameworks */,
				A7F4717B208698F800DF3FD3 /* Resources */,
			);
			buildRules = (
			);
			dependencies = (
				A7F4717F208698F800DF3FD3 /* PBXTargetDependency */,
			);
			name = "Random User ExampleTests";
			productName = "Random User ExampleTests";
			productReference = A7F4717D208698F800DF3FD3 /* Random User ExampleTests.xctest */;
			productType = "com.apple.product-type.bundle.unit-test";
		};
/* End PBXNativeTarget section */

/* Begin PBXProject section */
		A7F47161208698F800DF3FD3 /* Project object */ = {
			isa = PBXProject;
			attributes = {
				LastSwiftUpdateCheck = 0920;
				LastUpgradeCheck = 0920;
				ORGANIZATIONNAME = "Diego López Bugna";
				TargetAttributes = {
					A7F47168208698F800DF3FD3 = {
						CreatedOnToolsVersion = 9.2;
						ProvisioningStyle = Automatic;
					};
					A7F4717C208698F800DF3FD3 = {
						CreatedOnToolsVersion = 9.2;
						ProvisioningStyle = Automatic;
						TestTargetID = A7F47168208698F800DF3FD3;
					};
				};
			};
			buildConfigurationList = A7F47164208698F800DF3FD3 /* Build configuration list for PBXProject "Random User Example" */;
			compatibilityVersion = "Xcode 8.0";
			developmentRegion = en;
			hasScannedForEncodings = 0;
			knownRegions = (
				en,
				Base,
			);
			mainGroup = A7F47160208698F800DF3FD3;
			productRefGroup = A7F4716A208698F800DF3FD3 /* Products */;
			projectDirPath = "";
			projectRoot = "";
			targets = (
				A7F47168208698F800DF3FD3 /* Random User Example */,
				A7F4717C208698F800DF3FD3 /* Random User ExampleTests */,
			);
		};
/* End PBXProject section */

/* Begin PBXResourcesBuildPhase section */
		A7F47167208698F800DF3FD3 /* Resources */ = {
			isa = PBXResourcesBuildPhase;
			buildActionMask = 2147483647;
			files = (
				A7F47177208698F800DF3FD3 /* LaunchScreen.storyboard in Resources */,
				A7F47174208698F800DF3FD3 /* Assets.xcassets in Resources */,
				A7F47172208698F800DF3FD3 /* Main.storyboard in Resources */,
			);
			runOnlyForDeploymentPostprocessing = 0;
		};
		A7F4717B208698F800DF3FD3 /* Resources */ = {
			isa = PBXResourcesBuildPhase;
			buildActionMask = 2147483647;
			files = (
			);
			runOnlyForDeploymentPostprocessing = 0;
		};
/* End PBXResourcesBuildPhase section */

/* Begin PBXSourcesBuildPhase section */
		A7F47165208698F800DF3FD3 /* Sources */ = {
			isa = PBXSourcesBuildPhase;
			buildActionMask = 2147483647;
			files = (
				A7E400F62087B1B10069CCE5 /* User.swift in Sources */,
				A7FD6A8D208776DF00BC81E6 /* UserCollectionViewCell.swift in Sources */,
				A7F4716D208698F800DF3FD3 /* AppDelegate.swift in Sources */,
				A7E400F82087B1CA0069CCE5 /* UserConnector.swift in Sources */,
				A7FD6A8B208773EA00BC81E6 /* UsersCollectionViewController.swift in Sources */,
			);
			runOnlyForDeploymentPostprocessing = 0;
		};
		A7F47179208698F800DF3FD3 /* Sources */ = {
			isa = PBXSourcesBuildPhase;
			buildActionMask = 2147483647;
			files = (
				A7F47182208698F800DF3FD3 /* Random_User_ExampleTests.swift in Sources */,
			);
			runOnlyForDeploymentPostprocessing = 0;
		};
/* End PBXSourcesBuildPhase section */

/* Begin PBXTargetDependency section */
		A7F4717F208698F800DF3FD3 /* PBXTargetDependency */ = {
			isa = PBXTargetDependency;
			target = A7F47168208698F800DF3FD3 /* Random User Example */;
			targetProxy = A7F4717E208698F800DF3FD3 /* PBXContainerItemProxy */;
		};
/* End PBXTargetDependency section */

/* Begin PBXVariantGroup section */
		A7F47170208698F800DF3FD3 /* Main.storyboard */ = {
			isa = PBXVariantGroup;
			children = (
				A7F47171208698F800DF3FD3 /* Base */,
			);
			name = Main.storyboard;
			sourceTree = "<group>";
		};
		A7F47175208698F800DF3FD3 /* LaunchScreen.storyboard */ = {
			isa = PBXVariantGroup;
			children = (
				A7F47176208698F800DF3FD3 /* Base */,
			);
			name = LaunchScreen.storyboard;
			sourceTree = "<group>";
		};
/* End PBXVariantGroup section */

/* Begin XCBuildConfiguration section */
		A7F47184208698F800DF3FD3 /* Debug */ = {
			isa = XCBuildConfiguration;
			buildSettings = {
				ALWAYS_SEARCH_USER_PATHS = NO;
				CLANG_ANALYZER_NONNULL = YES;
				CLANG_ANALYZER_NUMBER_OBJECT_CONVERSION = YES_AGGRESSIVE;
				CLANG_CXX_LANGUAGE_STANDARD = "gnu++14";
				CLANG_CXX_LIBRARY = "libc++";
				CLANG_ENABLE_MODULES = YES;
				CLANG_ENABLE_OBJC_ARC = YES;
				CLANG_WARN_BLOCK_CAPTURE_AUTORELEASING = YES;
				CLANG_WARN_BOOL_CONVERSION = YES;
				CLANG_WARN_COMMA = YES;
				CLANG_WARN_CONSTANT_CONVERSION = YES;
				CLANG_WARN_DIRECT_OBJC_ISA_USAGE = YES_ERROR;
				CLANG_WARN_DOCUMENTATION_COMMENTS = YES;
				CLANG_WARN_EMPTY_BODY = YES;
				CLANG_WARN_ENUM_CONVERSION = YES;
				CLANG_WARN_INFINITE_RECURSION = YES;
				CLANG_WARN_INT_CONVERSION = YES;
				CLANG_WARN_NON_LITERAL_NULL_CONVERSION = YES;
				CLANG_WARN_OBJC_LITERAL_CONVERSION = YES;
				CLANG_WARN_OBJC_ROOT_CLASS = YES_ERROR;
				CLANG_WARN_RANGE_LOOP_ANALYSIS = YES;
				CLANG_WARN_STRICT_PROTOTYPES = YES;
				CLANG_WARN_SUSPICIOUS_MOVE = YES;
				CLANG_WARN_UNGUARDED_AVAILABILITY = YES_AGGRESSIVE;
				CLANG_WARN_UNREACHABLE_CODE = YES;
				CLANG_WARN__DUPLICATE_METHOD_MATCH = YES;
				CODE_SIGN_IDENTITY = "iPhone Developer";
				COPY_PHASE_STRIP = NO;
				DEBUG_INFORMATION_FORMAT = dwarf;
				ENABLE_STRICT_OBJC_MSGSEND = YES;
				ENABLE_TESTABILITY = YES;
				GCC_C_LANGUAGE_STANDARD = gnu11;
				GCC_DYNAMIC_NO_PIC = NO;
				GCC_NO_COMMON_BLOCKS = YES;
				GCC_OPTIMIZATION_LEVEL = 0;
				GCC_PREPROCESSOR_DEFINITIONS = (
					"DEBUG=1",
					"$(inherited)",
				);
				GCC_WARN_64_TO_32_BIT_CONVERSION = YES;
				GCC_WARN_ABOUT_RETURN_TYPE = YES_ERROR;
				GCC_WARN_UNDECLARED_SELECTOR = YES;
				GCC_WARN_UNINITIALIZED_AUTOS = YES_AGGRESSIVE;
				GCC_WARN_UNUSED_FUNCTION = YES;
				GCC_WARN_UNUSED_VARIABLE = YES;
				IPHONEOS_DEPLOYMENT_TARGET = 11.2;
				MTL_ENABLE_DEBUG_INFO = YES;
				ONLY_ACTIVE_ARCH = YES;
				SDKROOT = iphoneos;
				SWIFT_ACTIVE_COMPILATION_CONDITIONS = DEBUG;
				SWIFT_OPTIMIZATION_LEVEL = "-Onone";
			};
			name = Debug;
		};
		A7F47185208698F800DF3FD3 /* Release */ = {
			isa = XCBuildConfiguration;
			buildSettings = {
				ALWAYS_SEARCH_USER_PATHS = NO;
				CLANG_ANALYZER_NONNULL = YES;
				CLANG_ANALYZER_NUMBER_OBJECT_CONVERSION = YES_AGGRESSIVE;
				CLANG_CXX_LANGUAGE_STANDARD = "gnu++14";
				CLANG_CXX_LIBRARY = "libc++";
				CLANG_ENABLE_MODULES = YES;
				CLANG_ENABLE_OBJC_ARC = YES;
				CLANG_WARN_BLOCK_CAPTURE_AUTORELEASING = YES;
				CLANG_WARN_BOOL_CONVERSION = YES;
				CLANG_WARN_COMMA = YES;
				CLANG_WARN_CONSTANT_CONVERSION = YES;
				CLANG_WARN_DIRECT_OBJC_ISA_USAGE = YES_ERROR;
				CLANG_WARN_DOCUMENTATION_COMMENTS = YES;
				CLANG_WARN_EMPTY_BODY = YES;
				CLANG_WARN_ENUM_CONVERSION = YES;
				CLANG_WARN_INFINITE_RECURSION = YES;
				CLANG_WARN_INT_CONVERSION = YES;
				CLANG_WARN_NON_LITERAL_NULL_CONVERSION = YES;
				CLANG_WARN_OBJC_LITERAL_CONVERSION = YES;
				CLANG_WARN_OBJC_ROOT_CLASS = YES_ERROR;
				CLANG_WARN_RANGE_LOOP_ANALYSIS = YES;
				CLANG_WARN_STRICT_PROTOTYPES = YES;
				CLANG_WARN_SUSPICIOUS_MOVE = YES;
				CLANG_WARN_UNGUARDED_AVAILABILITY = YES_AGGRESSIVE;
				CLANG_WARN_UNREACHABLE_CODE = YES;
				CLANG_WARN__DUPLICATE_METHOD_MATCH = YES;
				CODE_SIGN_IDENTITY = "iPhone Developer";
				COPY_PHASE_STRIP = NO;
				DEBUG_INFORMATION_FORMAT = "dwarf-with-dsym";
				ENABLE_NS_ASSERTIONS = NO;
				ENABLE_STRICT_OBJC_MSGSEND = YES;
				GCC_C_LANGUAGE_STANDARD = gnu11;
				GCC_NO_COMMON_BLOCKS = YES;
				GCC_WARN_64_TO_32_BIT_CONVERSION = YES;
				GCC_WARN_ABOUT_RETURN_TYPE = YES_ERROR;
				GCC_WARN_UNDECLARED_SELECTOR = YES;
				GCC_WARN_UNINITIALIZED_AUTOS = YES_AGGRESSIVE;
				GCC_WARN_UNUSED_FUNCTION = YES;
				GCC_WARN_UNUSED_VARIABLE = YES;
				IPHONEOS_DEPLOYMENT_TARGET = 11.2;
				MTL_ENABLE_DEBUG_INFO = NO;
				SDKROOT = iphoneos;
				SWIFT_OPTIMIZATION_LEVEL = "-Owholemodule";
				VALIDATE_PRODUCT = YES;
			};
			name = Release;
		};
		A7F47187208698F800DF3FD3 /* Debug */ = {
			isa = XCBuildConfiguration;
			buildSettings = {
				ASSETCATALOG_COMPILER_APPICON_NAME = AppIcon;
				CODE_SIGN_STYLE = Automatic;
				INFOPLIST_FILE = "Random User Example/Info.plist";
				LD_RUNPATH_SEARCH_PATHS = "$(inherited) @executable_path/Frameworks";
				PRODUCT_BUNDLE_IDENTIFIER = "DLB.Random-User-Example";
				PRODUCT_NAME = "$(TARGET_NAME)";
				SWIFT_VERSION = 4.0;
				TARGETED_DEVICE_FAMILY = "1,2";
			};
			name = Debug;
		};
		A7F47188208698F800DF3FD3 /* Release */ = {
			isa = XCBuildConfiguration;
			buildSettings = {
				ASSETCATALOG_COMPILER_APPICON_NAME = AppIcon;
				CODE_SIGN_STYLE = Automatic;
				INFOPLIST_FILE = "Random User Example/Info.plist";
				LD_RUNPATH_SEARCH_PATHS = "$(inherited) @executable_path/Frameworks";
				PRODUCT_BUNDLE_IDENTIFIER = "DLB.Random-User-Example";
				PRODUCT_NAME = "$(TARGET_NAME)";
				SWIFT_VERSION = 4.0;
				TARGETED_DEVICE_FAMILY = "1,2";
			};
			name = Release;
		};
		A7F4718A208698F800DF3FD3 /* Debug */ = {
			isa = XCBuildConfiguration;
			buildSettings = {
				ALWAYS_EMBED_SWIFT_STANDARD_LIBRARIES = YES;
				BUNDLE_LOADER = "$(TEST_HOST)";
				CODE_SIGN_STYLE = Automatic;
				INFOPLIST_FILE = "Random User ExampleTests/Info.plist";
				LD_RUNPATH_SEARCH_PATHS = "$(inherited) @executable_path/Frameworks @loader_path/Frameworks";
				PRODUCT_BUNDLE_IDENTIFIER = "DLB.Random-User-ExampleTests";
				PRODUCT_NAME = "$(TARGET_NAME)";
				SWIFT_VERSION = 4.0;
				TARGETED_DEVICE_FAMILY = "1,2";
				TEST_HOST = "$(BUILT_PRODUCTS_DIR)/Random User Example.app/Random User Example";
			};
			name = Debug;
		};
		A7F4718B208698F800DF3FD3 /* Release */ = {
			isa = XCBuildConfiguration;
			buildSettings = {
				ALWAYS_EMBED_SWIFT_STANDARD_LIBRARIES = YES;
				BUNDLE_LOADER = "$(TEST_HOST)";
				CODE_SIGN_STYLE = Automatic;
				INFOPLIST_FILE = "Random User ExampleTests/Info.plist";
				LD_RUNPATH_SEARCH_PATHS = "$(inherited) @executable_path/Frameworks @loader_path/Frameworks";
				PRODUCT_BUNDLE_IDENTIFIER = "DLB.Random-User-ExampleTests";
				PRODUCT_NAME = "$(TARGET_NAME)";
				SWIFT_VERSION = 4.0;
				TARGETED_DEVICE_FAMILY = "1,2";
				TEST_HOST = "$(BUILT_PRODUCTS_DIR)/Random User Example.app/Random User Example";
			};
			name = Release;
		};
/* End XCBuildConfiguration section */

/* Begin XCConfigurationList section */
		A7F47164208698F800DF3FD3 /* Build configuration list for PBXProject "Random User Example" */ = {
			isa = XCConfigurationList;
			buildConfigurations = (
				A7F47184208698F800DF3FD3 /* Debug */,
				A7F47185208698F800DF3FD3 /* Release */,
			);
			defaultConfigurationIsVisible = 0;
			defaultConfigurationName = Release;
		};
		A7F47186208698F800DF3FD3 /* Build configuration list for PBXNativeTarget "Random User Example" */ = {
			isa = XCConfigurationList;
			buildConfigurations = (
				A7F47187208698F800DF3FD3 /* Debug */,
				A7F47188208698F800DF3FD3 /* Release */,
			);
			defaultConfigurationIsVisible = 0;
			defaultConfigurationName = Release;
		};
		A7F47189208698F800DF3FD3 /* Build configuration list for PBXNativeTarget "Random User ExampleTests" */ = {
			isa = XCConfigurationList;
			buildConfigurations = (
				A7F4718A208698F800DF3FD3 /* Debug */,
				A7F4718B208698F800DF3FD3 /* Release */,
			);
			defaultConfigurationIsVisible = 0;
			defaultConfigurationName = Release;
		};
/* End XCConfigurationList section */
	};
	rootObject = A7F47161208698F800DF3FD3 /* Project object */;
}
